
Microsoft Visual Studio Solution File, Format Version 12.00
# Visual Studio 15
VisualStudioVersion = 15.0.28010.2036
MinimumVisualStudioVersion = 10.0.40219.1
Project("{FAE04EC0-301F-11D3-BF4B-00C04F79EFBC}") = "StudentApp.Android", "StudentApp\StudentApp.Android\StudentApp.Android.csproj", "{3A38FD30-111B-4518-A6D2-AF3DFF9E0FA7}"
EndProject
Project("{FAE04EC0-301F-11D3-BF4B-00C04F79EFBC}") = "StudentApp.iOS", "StudentApp\StudentApp.iOS\StudentApp.iOS.csproj", "{4AD7643E-F538-44EF-B98A-0CDEE1BD115F}"
EndProject
Project("{FAE04EC0-301F-11D3-BF4B-00C04F79EFBC}") = "StudentApp", "StudentApp\StudentApp\StudentApp.csproj", "{FBD215CD-D6B1-4EB9-98C6-365304B2AAB0}"
EndProject
Global
	GlobalSection(SolutionConfigurationPlatforms) = preSolution
		Ad-Hoc|Any CPU = Ad-Hoc|Any CPU
		Ad-Hoc|iPhone = Ad-Hoc|iPhone
		Ad-Hoc|iPhoneSimulator = Ad-Hoc|iPhoneSimulator
		AppStore|Any CPU = AppStore|Any CPU
		AppStore|iPhone = AppStore|iPhone
		AppStore|iPhoneSimulator = AppStore|iPhoneSimulator
		Debug|Any CPU = Debug|Any CPU
		Debug|iPhone = Debug|iPhone
		Debug|iPhoneSimulator = Debug|iPhoneSimulator
		Release|Any CPU = Release|Any CPU
		Release|iPhone = Release|iPhone
		Release|iPhoneSimulator = Release|iPhoneSimulator
	EndGlobalSection
	GlobalSection(ProjectConfigurationPlatforms) = postSolution
		{3A38FD30-111B-4518-A6D2-AF3DFF9E0FA7}.Ad-Hoc|Any CPU.ActiveCfg = Release|Any CPU
		{3A38FD30-111B-4518-A6D2-AF3DFF9E0FA7}.Ad-Hoc|Any CPU.Build.0 = Release|Any CPU
		{3A38FD30-111B-4518-A6D2-AF3DFF9E0FA7}.Ad-Hoc|Any CPU.Deploy.0 = Release|Any CPU
		{3A38FD30-111B-4518-A6D2-AF3DFF9E0FA7}.Ad-Hoc|iPhone.ActiveCfg = Release|Any CPU
		{3A38FD30-111B-4518-A6D2-AF3DFF9E0FA7}.Ad-Hoc|iPhone.Build.0 = Release|Any CPU
		{3A38FD30-111B-4518-A6D2-AF3DFF9E0FA7}.Ad-Hoc|iPhone.Deploy.0 = Release|Any CPU
		{3A38FD30-111B-4518-A6D2-AF3DFF9E0FA7}.Ad-Hoc|iPhoneSimulator.ActiveCfg = Release|Any CPU
		{3A38FD30-111B-4518-A6D2-AF3DFF9E0FA7}.Ad-Hoc|iPhoneSimulator.Build.0 = Release|Any CPU
		{3A38FD30-111B-4518-A6D2-AF3DFF9E0FA7}.Ad-Hoc|iPhoneSimulator.Deploy.0 = Release|Any CPU
		{3A38FD30-111B-4518-A6D2-AF3DFF9E0FA7}.AppStore|Any CPU.ActiveCfg = Release|Any CPU
		{3A38FD30-111B-4518-A6D2-AF3DFF9E0FA7}.AppStore|Any CPU.Build.0 = Release|Any CPU
		{3A38FD30-111B-4518-A6D2-AF3DFF9E0FA7}.AppStore|Any CPU.Deploy.0 = Release|Any CPU
		{3A38FD30-111B-4518-A6D2-AF3DFF9E0FA7}.AppStore|iPhone.ActiveCfg = Release|Any CPU
		{3A38FD30-111B-4518-A6D2-AF3DFF9E0FA7}.AppStore|iPhone.Build.0 = Release|Any CPU
		{3A38FD30-111B-4518-A6D2-AF3DFF9E0FA7}.AppStore|iPhone.Deploy.0 = Release|Any CPU
		{3A38FD30-111B-4518-A6D2-AF3DFF9E0FA7}.AppStore|iPhoneSimulator.ActiveCfg = Release|Any CPU
		{3A38FD30-111B-4518-A6D2-AF3DFF9E0FA7}.AppStore|iPhoneSimulator.Build.0 = Release|Any CPU
		{3A38FD30-111B-4518-A6D2-AF3DFF9E0FA7}.AppStore|iPhoneSimulator.Deploy.0 = Release|Any CPU
		{3A38FD30-111B-4518-A6D2-AF3DFF9E0FA7}.Debug|Any CPU.ActiveCfg = Debug|Any CPU
		{3A38FD30-111B-4518-A6D2-AF3DFF9E0FA7}.Debug|Any CPU.Build.0 = Debug|Any CPU
		{3A38FD30-111B-4518-A6D2-AF3DFF9E0FA7}.Debug|Any CPU.Deploy.0 = Debug|Any CPU
		{3A38FD30-111B-4518-A6D2-AF3DFF9E0FA7}.Debug|iPhone.ActiveCfg = Debug|Any CPU
		{3A38FD30-111B-4518-A6D2-AF3DFF9E0FA7}.Debug|iPhone.Build.0 = Debug|Any CPU
		{3A38FD30-111B-4518-A6D2-AF3DFF9E0FA7}.Debug|iPhone.Deploy.0 = Debug|Any CPU
		{3A38FD30-111B-4518-A6D2-AF3DFF9E0FA7}.Debug|iPhoneSimulator.ActiveCfg = Debug|Any CPU
		{3A38FD30-111B-4518-A6D2-AF3DFF9E0FA7}.Debug|iPhoneSimulator.Build.0 = Debug|Any CPU
		{3A38FD30-111B-4518-A6D2-AF3DFF9E0FA7}.Debug|iPhoneSimulator.Deploy.0 = Debug|Any CPU
		{3A38FD30-111B-4518-A6D2-AF3DFF9E0FA7}.Release|Any CPU.ActiveCfg = Release|Any CPU
		{3A38FD30-111B-4518-A6D2-AF3DFF9E0FA7}.Release|Any CPU.Build.0 = Release|Any CPU
		{3A38FD30-111B-4518-A6D2-AF3DFF9E0FA7}.Release|Any CPU.Deploy.0 = Release|Any CPU
		{3A38FD30-111B-4518-A6D2-AF3DFF9E0FA7}.Release|iPhone.ActiveCfg = Release|Any CPU
		{3A38FD30-111B-4518-A6D2-AF3DFF9E0FA7}.Release|iPhone.Build.0 = Release|Any CPU
		{3A38FD30-111B-4518-A6D2-AF3DFF9E0FA7}.Release|iPhone.Deploy.0 = Release|Any CPU
		{3A38FD30-111B-4518-A6D2-AF3DFF9E0FA7}.Release|iPhoneSimulator.ActiveCfg = Release|Any CPU
		{3A38FD30-111B-4518-A6D2-AF3DFF9E0FA7}.Release|iPhoneSimulator.Build.0 = Release|Any CPU
		{3A38FD30-111B-4518-A6D2-AF3DFF9E0FA7}.Release|iPhoneSimulator.Deploy.0 = Release|Any CPU
		{4AD7643E-F538-44EF-B98A-0CDEE1BD115F}.Ad-Hoc|Any CPU.ActiveCfg = Ad-Hoc|iPhone
		{4AD7643E-F538-44EF-B98A-0CDEE1BD115F}.Ad-Hoc|Any CPU.Build.0 = Ad-Hoc|iPhone
		{4AD7643E-F538-44EF-B98A-0CDEE1BD115F}.Ad-Hoc|Any CPU.Deploy.0 = Ad-Hoc|iPhone
		{4AD7643E-F538-44EF-B98A-0CDEE1BD115F}.Ad-Hoc|iPhone.ActiveCfg = Ad-Hoc|iPhone
		{4AD7643E-F538-44EF-B98A-0CDEE1BD115F}.Ad-Hoc|iPhone.Build.0 = Ad-Hoc|iPhone
		{4AD7643E-F538-44EF-B98A-0CDEE1BD115F}.Ad-Hoc|iPhone.Deploy.0 = Ad-Hoc|iPhone
		{4AD7643E-F538-44EF-B98A-0CDEE1BD115F}.Ad-Hoc|iPhoneSimulator.ActiveCfg = Ad-Hoc|iPhoneSimulator
		{4AD7643E-F538-44EF-B98A-0CDEE1BD115F}.Ad-Hoc|iPhoneSimulator.Build.0 = Ad-Hoc|iPhoneSimulator
		{4AD7643E-F538-44EF-B98A-0CDEE1BD115F}.Ad-Hoc|iPhoneSimulator.Deploy.0 = Ad-Hoc|iPhoneSimulator
		{4AD7643E-F538-44EF-B98A-0CDEE1BD115F}.AppStore|Any CPU.ActiveCfg = AppStore|iPhone
		{4AD7643E-F538-44EF-B98A-0CDEE1BD115F}.AppStore|Any CPU.Build.0 = AppStore|iPhone
		{4AD7643E-F538-44EF-B98A-0CDEE1BD115F}.AppStore|Any CPU.Deploy.0 = AppStore|iPhone
		{4AD7643E-F538-44EF-B98A-0CDEE1BD115F}.AppStore|iPhone.ActiveCfg = AppStore|iPhone
		{4AD7643E-F538-44EF-B98A-0CDEE1BD115F}.AppStore|iPhone.Build.0 = AppStore|iPhone
		{4AD7643E-F538-44EF-B98A-0CDEE1BD115F}.AppStore|iPhone.Deploy.0 = AppStore|iPhone
		{4AD7643E-F538-44EF-B98A-0CDEE1BD115F}.AppStore|iPhoneSimulator.ActiveCfg = AppStore|iPhoneSimulator
		{4AD7643E-F538-44EF-B98A-0CDEE1BD115F}.AppStore|iPhoneSimulator.Build.0 = AppStore|iPhoneSimulator
		{4AD7643E-F538-44EF-B98A-0CDEE1BD115F}.AppStore|iPhoneSimulator.Deploy.0 = AppStore|iPhoneSimulator
		{4AD7643E-F538-44EF-B98A-0CDEE1BD115F}.Debug|Any CPU.ActiveCfg = Debug|iPhoneSimulator
		{4AD7643E-F538-44EF-B98A-0CDEE1BD115F}.Debug|Any CPU.Build.0 = Debug|iPhoneSimulator
		{4AD7643E-F538-44EF-B98A-0CDEE1BD115F}.Debug|Any CPU.Deploy.0 = Debug|iPhoneSimulator
		{4AD7643E-F538-44EF-B98A-0CDEE1BD115F}.Debug|iPhone.ActiveCfg = Debug|iPhone
		{4AD7643E-F538-44EF-B98A-0CDEE1BD115F}.Debug|iPhone.Build.0 = Debug|iPhone
		{4AD7643E-F538-44EF-B98A-0CDEE1BD115F}.Debug|iPhone.Deploy.0 = Debug|iPhone
		{4AD7643E-F538-44EF-B98A-0CDEE1BD115F}.Debug|iPhoneSimulator.ActiveCfg = Debug|iPhoneSimulator
		{4AD7643E-F538-44EF-B98A-0CDEE1BD115F}.Debug|iPhoneSimulator.Build.0 = Debug|iPhoneSimulator
		{4AD7643E-F538-44EF-B98A-0CDEE1BD115F}.Debug|iPhoneSimulator.Deploy.0 = Debug|iPhoneSimulator
		{4AD7643E-F538-44EF-B98A-0CDEE1BD115F}.Release|Any CPU.ActiveCfg = Release|iPhone
		{4AD7643E-F538-44EF-B98A-0CDEE1BD115F}.Release|Any CPU.Build.0 = Release|iPhone
		{4AD7643E-F538-44EF-B98A-0CDEE1BD115F}.Release|Any CPU.Deploy.0 = Release|iPhone
		{4AD7643E-F538-44EF-B98A-0CDEE1BD115F}.Release|iPhone.ActiveCfg = Release|iPhone
		{4AD7643E-F538-44EF-B98A-0CDEE1BD115F}.Release|iPhone.Build.0 = Release|iPhone
		{4AD7643E-F538-44EF-B98A-0CDEE1BD115F}.Release|iPhone.Deploy.0 = Release|iPhone
		{4AD7643E-F538-44EF-B98A-0CDEE1BD115F}.Release|iPhoneSimulator.ActiveCfg = Release|iPhoneSimulator
		{4AD7643E-F538-44EF-B98A-0CDEE1BD115F}.Release|iPhoneSimulator.Build.0 = Release|iPhoneSimulator
		{4AD7643E-F538-44EF-B98A-0CDEE1BD115F}.Release|iPhoneSimulator.Deploy.0 = Release|iPhoneSimulator
		{FBD215CD-D6B1-4EB9-98C6-365304B2AAB0}.Ad-Hoc|Any CPU.ActiveCfg = Debug|Any CPU
		{FBD215CD-D6B1-4EB9-98C6-365304B2AAB0}.Ad-Hoc|Any CPU.Build.0 = Debug|Any CPU
		{FBD215CD-D6B1-4EB9-98C6-365304B2AAB0}.Ad-Hoc|Any CPU.Deploy.0 = Debug|Any CPU
		{FBD215CD-D6B1-4EB9-98C6-365304B2AAB0}.Ad-Hoc|iPhone.ActiveCfg = Debug|Any CPU
		{FBD215CD-D6B1-4EB9-98C6-365304B2AAB0}.Ad-Hoc|iPhone.Build.0 = Debug|Any CPU
		{FBD215CD-D6B1-4EB9-98C6-365304B2AAB0}.Ad-Hoc|iPhone.Deploy.0 = Debug|Any CPU
		{FBD215CD-D6B1-4EB9-98C6-365304B2AAB0}.Ad-Hoc|iPhoneSimulator.ActiveCfg = Debug|Any CPU
		{FBD215CD-D6B1-4EB9-98C6-365304B2AAB0}.Ad-Hoc|iPhoneSimulator.Build.0 = Debug|Any CPU
		{FBD215CD-D6B1-4EB9-98C6-365304B2AAB0}.Ad-Hoc|iPhoneSimulator.Deploy.0 = Debug|Any CPU
		{FBD215CD-D6B1-4EB9-98C6-365304B2AAB0}.AppStore|Any CPU.ActiveCfg = Debug|Any CPU
		{FBD215CD-D6B1-4EB9-98C6-365304B2AAB0}.AppStore|Any CPU.Build.0 = Debug|Any CPU
		{FBD215CD-D6B1-4EB9-98C6-365304B2AAB0}.AppStore|Any CPU.Deploy.0 = Debug|Any CPU
		{FBD215CD-D6B1-4EB9-98C6-365304B2AAB0}.AppStore|iPhone.ActiveCfg = Debug|Any CPU
		{FBD215CD-D6B1-4EB9-98C6-365304B2AAB0}.AppStore|iPhone.Build.0 = Debug|Any CPU
		{FBD215CD-D6B1-4EB9-98C6-365304B2AAB0}.AppStore|iPhone.Deploy.0 = Debug|Any CPU
		{FBD215CD-D6B1-4EB9-98C6-365304B2AAB0}.AppStore|iPhoneSimulator.ActiveCfg = Debug|Any CPU
		{FBD215CD-D6B1-4EB9-98C6-365304B2AAB0}.AppStore|iPhoneSimulator.Build.0 = Debug|Any CPU
		{FBD215CD-D6B1-4EB9-98C6-365304B2AAB0}.AppStore|iPhoneSimulator.Deploy.0 = Debug|Any CPU
		{FBD215CD-D6B1-4EB9-98C6-365304B2AAB0}.Debug|Any CPU.ActiveCfg = Debug|Any CPU
		{FBD215CD-D6B1-4EB9-98C6-365304B2AAB0}.Debug|Any CPU.Build.0 = Debug|Any CPU
		{FBD215CD-D6B1-4EB9-98C6-365304B2AAB0}.Debug|Any CPU.Deploy.0 = Debug|Any CPU
		{FBD215CD-D6B1-4EB9-98C6-365304B2AAB0}.Debug|iPhone.ActiveCfg = Debug|Any CPU
		{FBD215CD-D6B1-4EB9-98C6-365304B2AAB0}.Debug|iPhone.Build.0 = Debug|Any CPU
		{FBD215CD-D6B1-4EB9-98C6-365304B2AAB0}.Debug|iPhone.Deploy.0 = Debug|Any CPU
		{FBD215CD-D6B1-4EB9-98C6-365304B2AAB0}.Debug|iPhoneSimulator.ActiveCfg = Debug|Any CPU
		{FBD215CD-D6B1-4EB9-98C6-365304B2AAB0}.Debug|iPhoneSimulator.Build.0 = Debug|Any CPU
		{FBD215CD-D6B1-4EB9-98C6-365304B2AAB0}.Debug|iPhoneSimulator.Deploy.0 = Debug|Any CPU
		{FBD215CD-D6B1-4EB9-98C6-365304B2AAB0}.Release|Any CPU.ActiveCfg = Release|Any CPU
		{FBD215CD-D6B1-4EB9-98C6-365304B2AAB0}.Release|Any CPU.Build.0 = Release|Any CPU
		{FBD215CD-D6B1-4EB9-98C6-365304B2AAB0}.Release|Any CPU.Deploy.0 = Release|Any CPU
		{FBD215CD-D6B1-4EB9-98C6-365304B2AAB0}.Release|iPhone.ActiveCfg = Release|Any CPU
		{FBD215CD-D6B1-4EB9-98C6-365304B2AAB0}.Release|iPhone.Build.0 = Release|Any CPU
		{FBD215CD-D6B1-4EB9-98C6-365304B2AAB0}.Release|iPhone.Deploy.0 = Release|Any CPU
		{FBD215CD-D6B1-4EB9-98C6-365304B2AAB0}.Release|iPhoneSimulator.ActiveCfg = Release|Any CPU
		{FBD215CD-D6B1-4EB9-98C6-365304B2AAB0}.Release|iPhoneSimulator.Build.0 = Release|Any CPU
		{FBD215CD-D6B1-4EB9-98C6-365304B2AAB0}.Release|iPhoneSimulator.Deploy.0 = Release|Any CPU
	EndGlobalSection
	GlobalSection(SolutionProperties) = preSolution
		HideSolutionNode = FALSE
	EndGlobalSection
	GlobalSection(ExtensibilityGlobals) = postSolution
		SolutionGuid = {6B08B44E-399B-4AA5-8778-AB72CE41F37E}
	EndGlobalSection
EndGlobal
