
Microsoft Visual Studio Solution File, Format Version 12.00
# Visual Studio 15
VisualStudioVersion = 15.0.28010.2003
MinimumVisualStudioVersion = 10.0.40219.1
Project("{FAE04EC0-301F-11D3-BF4B-00C04F79EFBC}") = "App1.Android", "App1\App1.Android\App1.Android.csproj", "{FA26C1BC-D7BF-4E36-AAF7-D902F3AEFC92}"
EndProject
Project("{FAE04EC0-301F-11D3-BF4B-00C04F79EFBC}") = "App1", "App1\App1\App1.csproj", "{63936058-D891-4787-B000-0798F899ED5B}"
EndProject
Global
	GlobalSection(SolutionConfigurationPlatforms) = preSolution
		Debug|Any CPU = Debug|Any CPU
		Release|Any CPU = Release|Any CPU
	EndGlobalSection
	GlobalSection(ProjectConfigurationPlatforms) = postSolution
		{FA26C1BC-D7BF-4E36-AAF7-D902F3AEFC92}.Debug|Any CPU.ActiveCfg = Debug|Any CPU
		{FA26C1BC-D7BF-4E36-AAF7-D902F3AEFC92}.Debug|Any CPU.Build.0 = Debug|Any CPU
		{FA26C1BC-D7BF-4E36-AAF7-D902F3AEFC92}.Debug|Any CPU.Deploy.0 = Debug|Any CPU
		{FA26C1BC-D7BF-4E36-AAF7-D902F3AEFC92}.Release|Any CPU.ActiveCfg = Release|Any CPU
		{FA26C1BC-D7BF-4E36-AAF7-D902F3AEFC92}.Release|Any CPU.Build.0 = Release|Any CPU
		{FA26C1BC-D7BF-4E36-AAF7-D902F3AEFC92}.Release|Any CPU.Deploy.0 = Release|Any CPU
		{63936058-D891-4787-B000-0798F899ED5B}.Debug|Any CPU.ActiveCfg = Debug|Any CPU
		{63936058-D891-4787-B000-0798F899ED5B}.Debug|Any CPU.Build.0 = Debug|Any CPU
		{63936058-D891-4787-B000-0798F899ED5B}.Debug|Any CPU.Deploy.0 = Debug|Any CPU
		{63936058-D891-4787-B000-0798F899ED5B}.Release|Any CPU.ActiveCfg = Release|Any CPU
		{63936058-D891-4787-B000-0798F899ED5B}.Release|Any CPU.Build.0 = Release|Any CPU
		{63936058-D891-4787-B000-0798F899ED5B}.Release|Any CPU.Deploy.0 = Release|Any CPU
	EndGlobalSection
	GlobalSection(SolutionProperties) = preSolution
		HideSolutionNode = FALSE
	EndGlobalSection
	GlobalSection(ExtensibilityGlobals) = postSolution
		SolutionGuid = {761EBB9E-3EEE-4865-BB15-8E59C81A83E4}
	EndGlobalSection
EndGlobal
